
Microsoft Visual Studio Solution File, Format Version 12.00
# Visual Studio Version 17
VisualStudioVersion = 17.7.34202.233
MinimumVisualStudioVersion = 10.0.40219.1
Project("{9A19103F-16F7-4668-BE54-9A1E7A4F7556}") = "Project", "Project.csproj", "{4B526818-28B8-4375-BFE0-E43C24A0D65B}"
EndProject
Global
	GlobalSection(SolutionConfigurationPlatforms) = preSolution
		Debug|Any CPU = Debug|Any CPU
		Release|Any CPU = Release|Any CPU
	EndGlobalSection
	GlobalSection(ProjectConfigurationPlatforms) = postSolution
		{4B526818-28B8-4375-BFE0-E43C24A0D65B}.Debug|Any CPU.ActiveCfg = Debug|Any CPU
		{4B526818-28B8-4375-BFE0-E43C24A0D65B}.Debug|Any CPU.Build.0 = Debug|Any CPU
		{4B526818-28B8-4375-BFE0-E43C24A0D65B}.Release|Any CPU.ActiveCfg = Release|Any CPU
		{4B526818-28B8-4375-BFE0-E43C24A0D65B}.Release|Any CPU.Build.0 = Release|Any CPU
	EndGlobalSection
	GlobalSection(SolutionProperties) = preSolution
		HideSolutionNode = FALSE
	EndGlobalSection
	GlobalSection(ExtensibilityGlobals) = postSolution
		SolutionGuid = {C203EB75-44AA-4541-9269-69F3056292FD}
	EndGlobalSection
EndGlobal
